
Microsoft Visual Studio Solution File, Format Version 12.00
# Visual Studio Version 17
VisualStudioVersion = 17.3.32929.385
MinimumVisualStudioVersion = 10.0.40219.1
Project("{FAE04EC0-301F-11D3-BF4B-00C04F79EFBC}") = "Task2 TCP Chat Server", "Task2 TCP Chat Server\Task2 TCP Chat Server.csproj", "{4A3F9867-0836-4BD0-B774-B09DD793A75F}"
EndProject
Project("{FAE04EC0-301F-11D3-BF4B-00C04F79EFBC}") = "Task2 TCP Chat", "Task2 TCP Chat\Task2 TCP Chat.csproj", "{954BBA53-2012-4657-A13A-D0F0CA1D6431}"
EndProject
Global
	GlobalSection(SolutionConfigurationPlatforms) = preSolution
		Debug|Any CPU = Debug|Any CPU
		Release|Any CPU = Release|Any CPU
	EndGlobalSection
	GlobalSection(ProjectConfigurationPlatforms) = postSolution
		{4A3F9867-0836-4BD0-B774-B09DD793A75F}.Debug|Any CPU.ActiveCfg = Debug|Any CPU
		{4A3F9867-0836-4BD0-B774-B09DD793A75F}.Debug|Any CPU.Build.0 = Debug|Any CPU
		{4A3F9867-0836-4BD0-B774-B09DD793A75F}.Release|Any CPU.ActiveCfg = Release|Any CPU
		{4A3F9867-0836-4BD0-B774-B09DD793A75F}.Release|Any CPU.Build.0 = Release|Any CPU
		{954BBA53-2012-4657-A13A-D0F0CA1D6431}.Debug|Any CPU.ActiveCfg = Debug|Any CPU
		{954BBA53-2012-4657-A13A-D0F0CA1D6431}.Debug|Any CPU.Build.0 = Debug|Any CPU
		{954BBA53-2012-4657-A13A-D0F0CA1D6431}.Release|Any CPU.ActiveCfg = Release|Any CPU
		{954BBA53-2012-4657-A13A-D0F0CA1D6431}.Release|Any CPU.Build.0 = Release|Any CPU
	EndGlobalSection
	GlobalSection(SolutionProperties) = preSolution
		HideSolutionNode = FALSE
	EndGlobalSection
	GlobalSection(ExtensibilityGlobals) = postSolution
		SolutionGuid = {6864B426-1B95-4D45-BB29-43EAD54A1E71}
	EndGlobalSection
EndGlobal
